
Microsoft Visual Studio Solution File, Format Version 12.00
# Visual Studio Version 16
VisualStudioVersion = 16.0.31112.23
MinimumVisualStudioVersion = 10.0.40219.1
Project("{8BC9CEB8-8B4A-11D0-8D11-00A0C91BC942}") = "AnimalDatabase", "AnimalDatabase\AnimalDatabase.vcxproj", "{B1B4DCC1-28CE-4462-AC4A-ECA8739A88AA}"
EndProject
Global
	GlobalSection(SolutionConfigurationPlatforms) = preSolution
		Debug|x64 = Debug|x64
		Debug|x86 = Debug|x86
		Release|x64 = Release|x64
		Release|x86 = Release|x86
	EndGlobalSection
	GlobalSection(ProjectConfigurationPlatforms) = postSolution
		{B1B4DCC1-28CE-4462-AC4A-ECA8739A88AA}.Debug|x64.ActiveCfg = Debug|x64
		{B1B4DCC1-28CE-4462-AC4A-ECA8739A88AA}.Debug|x64.Build.0 = Debug|x64
		{B1B4DCC1-28CE-4462-AC4A-ECA8739A88AA}.Debug|x86.ActiveCfg = Debug|Win32
		{B1B4DCC1-28CE-4462-AC4A-ECA8739A88AA}.Debug|x86.Build.0 = Debug|Win32
		{B1B4DCC1-28CE-4462-AC4A-ECA8739A88AA}.Release|x64.ActiveCfg = Release|x64
		{B1B4DCC1-28CE-4462-AC4A-ECA8739A88AA}.Release|x64.Build.0 = Release|x64
		{B1B4DCC1-28CE-4462-AC4A-ECA8739A88AA}.Release|x86.ActiveCfg = Release|Win32
		{B1B4DCC1-28CE-4462-AC4A-ECA8739A88AA}.Release|x86.Build.0 = Release|Win32
	EndGlobalSection
	GlobalSection(SolutionProperties) = preSolution
		HideSolutionNode = FALSE
	EndGlobalSection
	GlobalSection(ExtensibilityGlobals) = postSolution
		SolutionGuid = {975C0B6D-1022-4710-814C-87DE153FDBE6}
	EndGlobalSection
EndGlobal
