
Microsoft Visual Studio Solution File, Format Version 12.00
# Visual Studio Version 16
VisualStudioVersion = 16.0.30717.126
MinimumVisualStudioVersion = 10.0.40219.1
Project("{9A19103F-16F7-4668-BE54-9A1E7A4F7556}") = "EmployeeDatabase", "Employees\EmployeeDatabase.csproj", "{8DDBE60F-80C2-4104-9988-F31EFC5464B1}"
EndProject
Project("{FAE04EC0-301F-11D3-BF4B-00C04F79EFBC}") = "Employees_UnitTests", "..\Employees_UnitTests\Employees_UnitTests.csproj", "{C60FF84E-D888-4AC5-88A7-E1BEC91C34A6}"
EndProject
Global
	GlobalSection(SolutionConfigurationPlatforms) = preSolution
		Debug|Any CPU = Debug|Any CPU
		Release|Any CPU = Release|Any CPU
	EndGlobalSection
	GlobalSection(ProjectConfigurationPlatforms) = postSolution
		{8DDBE60F-80C2-4104-9988-F31EFC5464B1}.Debug|Any CPU.ActiveCfg = Debug|Any CPU
		{8DDBE60F-80C2-4104-9988-F31EFC5464B1}.Debug|Any CPU.Build.0 = Debug|Any CPU
		{8DDBE60F-80C2-4104-9988-F31EFC5464B1}.Release|Any CPU.ActiveCfg = Release|Any CPU
		{8DDBE60F-80C2-4104-9988-F31EFC5464B1}.Release|Any CPU.Build.0 = Release|Any CPU
		{C60FF84E-D888-4AC5-88A7-E1BEC91C34A6}.Debug|Any CPU.ActiveCfg = Debug|Any CPU
		{C60FF84E-D888-4AC5-88A7-E1BEC91C34A6}.Debug|Any CPU.Build.0 = Debug|Any CPU
		{C60FF84E-D888-4AC5-88A7-E1BEC91C34A6}.Release|Any CPU.ActiveCfg = Release|Any CPU
		{C60FF84E-D888-4AC5-88A7-E1BEC91C34A6}.Release|Any CPU.Build.0 = Release|Any CPU
	EndGlobalSection
	GlobalSection(SolutionProperties) = preSolution
		HideSolutionNode = FALSE
	EndGlobalSection
	GlobalSection(ExtensibilityGlobals) = postSolution
		SolutionGuid = {C8DB9D1F-1BC2-4A68-A961-E9CA41F7FDDC}
	EndGlobalSection
EndGlobal
